
Microsoft Visual Studio Solution File, Format Version 12.00
# Visual Studio Version 16
VisualStudioVersion = 16.0.30523.141
MinimumVisualStudioVersion = 10.0.40219.1
Project("{FAE04EC0-301F-11D3-BF4B-00C04F79EFBC}") = "KarlsonLevels", "KarlsonLevels.csproj", "{65047FC2-35AF-4EFB-8A15-5FCA1A9684BB}"
EndProject
Global
	GlobalSection(SolutionConfigurationPlatforms) = preSolution
		Debug|Any CPU = Debug|Any CPU
		Release|Any CPU = Release|Any CPU
	EndGlobalSection
	GlobalSection(ProjectConfigurationPlatforms) = postSolution
		{65047FC2-35AF-4EFB-8A15-5FCA1A9684BB}.Debug|Any CPU.ActiveCfg = Debug|Any CPU
		{65047FC2-35AF-4EFB-8A15-5FCA1A9684BB}.Debug|Any CPU.Build.0 = Debug|Any CPU
		{65047FC2-35AF-4EFB-8A15-5FCA1A9684BB}.Release|Any CPU.ActiveCfg = Release|Any CPU
		{65047FC2-35AF-4EFB-8A15-5FCA1A9684BB}.Release|Any CPU.Build.0 = Release|Any CPU
	EndGlobalSection
	GlobalSection(SolutionProperties) = preSolution
		HideSolutionNode = FALSE
	EndGlobalSection
	GlobalSection(ExtensibilityGlobals) = postSolution
		SolutionGuid = {15568B8E-DD86-41E8-BF30-6A9DCD1E8239}
	EndGlobalSection
EndGlobal
